// !$*UTF8*$!
{
	archiveVersion = 1;
	classes = {
	};
	objectVersion = 51;
	objects = {

/* Begin PBXBuildFile section */
		24EE2FB901F601A9F9291273 /* Pods_Project_Tiny_UrlTests.framework in Frameworks */ = {isa = PBXBuildFile; fileRef = F955729D3268BCBA43683657 /* Pods_Project_Tiny_UrlTests.framework */; };
		42EA4C9786C1A494425DB6C1 /* Pods_Project_Tiny_Url.framework in Frameworks */ = {isa = PBXBuildFile; fileRef = 16BB4EB912749C1DD3A73405 /* Pods_Project_Tiny_Url.framework */; };
		9E742BC5B69F4D688637BD08 /* Pods_Project_Tiny_Url_Project_Tiny_UrlUITests.framework in Frameworks */ = {isa = PBXBuildFile; fileRef = F8841C4D021702275EA3AA5E /* Pods_Project_Tiny_Url_Project_Tiny_UrlUITests.framework */; };
		C5205F7B26CBC9F100E9CD73 /* EnumUserDefaults.swift in Sources */ = {isa = PBXBuildFile; fileRef = C5205F7A26CBC9F100E9CD73 /* EnumUserDefaults.swift */; };
		C552404A269DE7C60050B53D /* ParsingService.swift in Sources */ = {isa = PBXBuildFile; fileRef = C5524049269DE7C60050B53D /* ParsingService.swift */; };
		C558B9EF26CAA20300B634C8 /* CustomTableViewCell.swift in Sources */ = {isa = PBXBuildFile; fileRef = C558B9EE26CAA20300B634C8 /* CustomTableViewCell.swift */; };
		C5DDD910269DAEE8001EF502 /* AppDelegate.swift in Sources */ = {isa = PBXBuildFile; fileRef = C5DDD90F269DAEE8001EF502 /* AppDelegate.swift */; };
		C5DDD912269DAEE8001EF502 /* SceneDelegate.swift in Sources */ = {isa = PBXBuildFile; fileRef = C5DDD911269DAEE8001EF502 /* SceneDelegate.swift */; };
		C5DDD914269DAEE8001EF502 /* TinyURLViewController.swift in Sources */ = {isa = PBXBuildFile; fileRef = C5DDD913269DAEE8001EF502 /* TinyURLViewController.swift */; };
		C5DDD917269DAEE8001EF502 /* Main.storyboard in Resources */ = {isa = PBXBuildFile; fileRef = C5DDD915269DAEE8001EF502 /* Main.storyboard */; };
		C5DDD919269DAEEA001EF502 /* Assets.xcassets in Resources */ = {isa = PBXBuildFile; fileRef = C5DDD918269DAEEA001EF502 /* Assets.xcassets */; };
		C5DDD91C269DAEEA001EF502 /* LaunchScreen.storyboard in Resources */ = {isa = PBXBuildFile; fileRef = C5DDD91A269DAEEA001EF502 /* LaunchScreen.storyboard */; };
		C5DDD945269DB3DA001EF502 /* ApiService.swift in Sources */ = {isa = PBXBuildFile; fileRef = C5DDD944269DB3DA001EF502 /* ApiService.swift */; };
		C5DDD947269DB406001EF502 /* TinyURL.swift in Sources */ = {isa = PBXBuildFile; fileRef = C5DDD946269DB406001EF502 /* TinyURL.swift */; };
		C5DDD949269DB9CC001EF502 /* TinyURLViewModel.swift in Sources */ = {isa = PBXBuildFile; fileRef = C5DDD948269DB9CC001EF502 /* TinyURLViewModel.swift */; };
		C5F2460026C517BD0025F13C /* Localizable.strings in Resources */ = {isa = PBXBuildFile; fileRef = C5F2460226C517BD0025F13C /* Localizable.strings */; };
		C5F2460426C517E50025F13C /* Transaltions.swift in Sources */ = {isa = PBXBuildFile; fileRef = C5F2460326C517E50025F13C /* Transaltions.swift */; };
/* End PBXBuildFile section */

/* Begin PBXContainerItemProxy section */
		C5DDD923269DAEEA001EF502 /* PBXContainerItemProxy */ = {
			isa = PBXContainerItemProxy;
			containerPortal = C5DDD904269DAEE8001EF502 /* Project object */;
			proxyType = 1;
			remoteGlobalIDString = C5DDD90B269DAEE8001EF502;
			remoteInfo = "Project Tiny Url";
		};
		C5DDD92E269DAEEA001EF502 /* PBXContainerItemProxy */ = {
			isa = PBXContainerItemProxy;
			containerPortal = C5DDD904269DAEE8001EF502 /* Project object */;
			proxyType = 1;
			remoteGlobalIDString = C5DDD90B269DAEE8001EF502;
			remoteInfo = "Project Tiny Url";
		};
/* End PBXContainerItemProxy section */

/* Begin PBXFileReference section */
		16BB4EB912749C1DD3A73405 /* Pods_Project_Tiny_Url.framework */ = {isa = PBXFileReference; explicitFileType = wrapper.framework; includeInIndex = 0; path = Pods_Project_Tiny_Url.framework; sourceTree = BUILT_PRODUCTS_DIR; };
		26EDCEA16A0C7F201236A71D /* Pods-Project Tiny Url.debug.xcconfig */ = {isa = PBXFileReference; includeInIndex = 1; lastKnownFileType = text.xcconfig; name = "Pods-Project Tiny Url.debug.xcconfig"; path = "Target Support Files/Pods-Project Tiny Url/Pods-Project Tiny Url.debug.xcconfig"; sourceTree = "<group>"; };
		351433DC35419752031EF50D /* Pods-Project Tiny Url-Project Tiny UrlUITests.debug.xcconfig */ = {isa = PBXFileReference; includeInIndex = 1; lastKnownFileType = text.xcconfig; name = "Pods-Project Tiny Url-Project Tiny UrlUITests.debug.xcconfig"; path = "Target Support Files/Pods-Project Tiny Url-Project Tiny UrlUITests/Pods-Project Tiny Url-Project Tiny UrlUITests.debug.xcconfig"; sourceTree = "<group>"; };
		41EE9B6A2C76B76189DC2855 /* Pods-Project Tiny Url-Project Tiny UrlUITests.release.xcconfig */ = {isa = PBXFileReference; includeInIndex = 1; lastKnownFileType = text.xcconfig; name = "Pods-Project Tiny Url-Project Tiny UrlUITests.release.xcconfig"; path = "Target Support Files/Pods-Project Tiny Url-Project Tiny UrlUITests/Pods-Project Tiny Url-Project Tiny UrlUITests.release.xcconfig"; sourceTree = "<group>"; };
		690260145F2ED9C71DE3C7F6 /* Pods-Project Tiny UrlTests.debug.xcconfig */ = {isa = PBXFileReference; includeInIndex = 1; lastKnownFileType = text.xcconfig; name = "Pods-Project Tiny UrlTests.debug.xcconfig"; path = "Target Support Files/Pods-Project Tiny UrlTests/Pods-Project Tiny UrlTests.debug.xcconfig"; sourceTree = "<group>"; };
		C5205F7A26CBC9F100E9CD73 /* EnumUserDefaults.swift */ = {isa = PBXFileReference; lastKnownFileType = sourcecode.swift; path = EnumUserDefaults.swift; sourceTree = "<group>"; };
		C5524049269DE7C60050B53D /* ParsingService.swift */ = {isa = PBXFileReference; lastKnownFileType = sourcecode.swift; path = ParsingService.swift; sourceTree = "<group>"; };
		C558B9EE26CAA20300B634C8 /* CustomTableViewCell.swift */ = {isa = PBXFileReference; lastKnownFileType = sourcecode.swift; path = CustomTableViewCell.swift; sourceTree = "<group>"; };
		C5DDD90C269DAEE8001EF502 /* Project Tiny Url.app */ = {isa = PBXFileReference; explicitFileType = wrapper.application; includeInIndex = 0; path = "Project Tiny Url.app"; sourceTree = BUILT_PRODUCTS_DIR; };
		C5DDD90F269DAEE8001EF502 /* AppDelegate.swift */ = {isa = PBXFileReference; lastKnownFileType = sourcecode.swift; path = AppDelegate.swift; sourceTree = "<group>"; };
		C5DDD911269DAEE8001EF502 /* SceneDelegate.swift */ = {isa = PBXFileReference; lastKnownFileType = sourcecode.swift; path = SceneDelegate.swift; sourceTree = "<group>"; };
		C5DDD913269DAEE8001EF502 /* TinyURLViewController.swift */ = {isa = PBXFileReference; lastKnownFileType = sourcecode.swift; path = TinyURLViewController.swift; sourceTree = "<group>"; };
		C5DDD916269DAEE8001EF502 /* Base */ = {isa = PBXFileReference; lastKnownFileType = file.storyboard; name = Base; path = Base.lproj/Main.storyboard; sourceTree = "<group>"; };
		C5DDD918269DAEEA001EF502 /* Assets.xcassets */ = {isa = PBXFileReference; lastKnownFileType = folder.assetcatalog; path = Assets.xcassets; sourceTree = "<group>"; };
		C5DDD91B269DAEEA001EF502 /* Base */ = {isa = PBXFileReference; lastKnownFileType = file.storyboard; name = Base; path = Base.lproj/LaunchScreen.storyboard; sourceTree = "<group>"; };
		C5DDD91D269DAEEA001EF502 /* Info.plist */ = {isa = PBXFileReference; lastKnownFileType = text.plist.xml; path = Info.plist; sourceTree = "<group>"; };
		C5DDD922269DAEEA001EF502 /* Project Tiny UrlTests.xctest */ = {isa = PBXFileReference; explicitFileType = wrapper.cfbundle; includeInIndex = 0; path = "Project Tiny UrlTests.xctest"; sourceTree = BUILT_PRODUCTS_DIR; };
		C5DDD92D269DAEEA001EF502 /* Project Tiny UrlUITests.xctest */ = {isa = PBXFileReference; explicitFileType = wrapper.cfbundle; includeInIndex = 0; path = "Project Tiny UrlUITests.xctest"; sourceTree = BUILT_PRODUCTS_DIR; };
		C5DDD944269DB3DA001EF502 /* ApiService.swift */ = {isa = PBXFileReference; lastKnownFileType = sourcecode.swift; path = ApiService.swift; sourceTree = "<group>"; };
		C5DDD946269DB406001EF502 /* TinyURL.swift */ = {isa = PBXFileReference; lastKnownFileType = sourcecode.swift; path = TinyURL.swift; sourceTree = "<group>"; };
		C5DDD948269DB9CC001EF502 /* TinyURLViewModel.swift */ = {isa = PBXFileReference; lastKnownFileType = sourcecode.swift; path = TinyURLViewModel.swift; sourceTree = "<group>"; };
		C5F2460126C517BD0025F13C /* pl */ = {isa = PBXFileReference; lastKnownFileType = text.plist.strings; name = pl; path = pl.lproj/Localizable.strings; sourceTree = "<group>"; };
		C5F2460326C517E50025F13C /* Transaltions.swift */ = {isa = PBXFileReference; lastKnownFileType = sourcecode.swift; path = Transaltions.swift; sourceTree = "<group>"; };
		D0EC629ECEA101033E7615C7 /* Pods-Project Tiny Url.release.xcconfig */ = {isa = PBXFileReference; includeInIndex = 1; lastKnownFileType = text.xcconfig; name = "Pods-Project Tiny Url.release.xcconfig"; path = "Target Support Files/Pods-Project Tiny Url/Pods-Project Tiny Url.release.xcconfig"; sourceTree = "<group>"; };
		DD874E8AE698E64B4FA2373C /* Pods-Project Tiny UrlTests.release.xcconfig */ = {isa = PBXFileReference; includeInIndex = 1; lastKnownFileType = text.xcconfig; name = "Pods-Project Tiny UrlTests.release.xcconfig"; path = "Target Support Files/Pods-Project Tiny UrlTests/Pods-Project Tiny UrlTests.release.xcconfig"; sourceTree = "<group>"; };
		F8841C4D021702275EA3AA5E /* Pods_Project_Tiny_Url_Project_Tiny_UrlUITests.framework */ = {isa = PBXFileReference; explicitFileType = wrapper.framework; includeInIndex = 0; path = Pods_Project_Tiny_Url_Project_Tiny_UrlUITests.framework; sourceTree = BUILT_PRODUCTS_DIR; };
		F955729D3268BCBA43683657 /* Pods_Project_Tiny_UrlTests.framework */ = {isa = PBXFileReference; explicitFileType = wrapper.framework; includeInIndex = 0; path = Pods_Project_Tiny_UrlTests.framework; sourceTree = BUILT_PRODUCTS_DIR; };
/* End PBXFileReference section */

/* Begin PBXFrameworksBuildPhase section */
		C5DDD909269DAEE8001EF502 /* Frameworks */ = {
			isa = PBXFrameworksBuildPhase;
			buildActionMask = 2147483647;
			files = (
				42EA4C9786C1A494425DB6C1 /* Pods_Project_Tiny_Url.framework in Frameworks */,
			);
			runOnlyForDeploymentPostprocessing = 0;
		};
		C5DDD91F269DAEEA001EF502 /* Frameworks */ = {
			isa = PBXFrameworksBuildPhase;
			buildActionMask = 2147483647;
			files = (
				24EE2FB901F601A9F9291273 /* Pods_Project_Tiny_UrlTests.framework in Frameworks */,
			);
			runOnlyForDeploymentPostprocessing = 0;
		};
		C5DDD92A269DAEEA001EF502 /* Frameworks */ = {
			isa = PBXFrameworksBuildPhase;
			buildActionMask = 2147483647;
			files = (
				9E742BC5B69F4D688637BD08 /* Pods_Project_Tiny_Url_Project_Tiny_UrlUITests.framework in Frameworks */,
			);
			runOnlyForDeploymentPostprocessing = 0;
		};
/* End PBXFrameworksBuildPhase section */

/* Begin PBXGroup section */
		13B53AD4F5937E98AD9BB4E0 /* Pods */ = {
			isa = PBXGroup;
			children = (
				26EDCEA16A0C7F201236A71D /* Pods-Project Tiny Url.debug.xcconfig */,
				D0EC629ECEA101033E7615C7 /* Pods-Project Tiny Url.release.xcconfig */,
				351433DC35419752031EF50D /* Pods-Project Tiny Url-Project Tiny UrlUITests.debug.xcconfig */,
				41EE9B6A2C76B76189DC2855 /* Pods-Project Tiny Url-Project Tiny UrlUITests.release.xcconfig */,
				690260145F2ED9C71DE3C7F6 /* Pods-Project Tiny UrlTests.debug.xcconfig */,
				DD874E8AE698E64B4FA2373C /* Pods-Project Tiny UrlTests.release.xcconfig */,
			);
			path = Pods;
			sourceTree = "<group>";
		};
		3136BB79E849E7E2B29873C7 /* Frameworks */ = {
			isa = PBXGroup;
			children = (
				16BB4EB912749C1DD3A73405 /* Pods_Project_Tiny_Url.framework */,
				F8841C4D021702275EA3AA5E /* Pods_Project_Tiny_Url_Project_Tiny_UrlUITests.framework */,
				F955729D3268BCBA43683657 /* Pods_Project_Tiny_UrlTests.framework */,
			);
			name = Frameworks;
			sourceTree = "<group>";
		};
		C5205F7C26CBC9FA00E9CD73 /* Translations */ = {
			isa = PBXGroup;
			children = (
				C5F2460326C517E50025F13C /* Transaltions.swift */,
				C5F2460226C517BD0025F13C /* Localizable.strings */,
			);
			path = Translations;
			sourceTree = "<group>";
		};
		C5205F7F26CBF75D00E9CD73 /* Enums */ = {
			isa = PBXGroup;
			children = (
				C5205F7A26CBC9F100E9CD73 /* EnumUserDefaults.swift */,
			);
			path = Enums;
			sourceTree = "<group>";
		};
		C558B9F026CAA8A700B634C8 /* Custom Objects */ = {
			isa = PBXGroup;
			children = (
				C558B9EE26CAA20300B634C8 /* CustomTableViewCell.swift */,
			);
			path = "Custom Objects";
			sourceTree = "<group>";
		};
		C5DDD903269DAEE8001EF502 = {
			isa = PBXGroup;
			children = (
				C5DDD90E269DAEE8001EF502 /* Project Tiny Url */,
				C5DDD90D269DAEE8001EF502 /* Products */,
				13B53AD4F5937E98AD9BB4E0 /* Pods */,
				3136BB79E849E7E2B29873C7 /* Frameworks */,
			);
			sourceTree = "<group>";
		};
		C5DDD90D269DAEE8001EF502 /* Products */ = {
			isa = PBXGroup;
			children = (
				C5DDD90C269DAEE8001EF502 /* Project Tiny Url.app */,
				C5DDD922269DAEEA001EF502 /* Project Tiny UrlTests.xctest */,
				C5DDD92D269DAEEA001EF502 /* Project Tiny UrlUITests.xctest */,
			);
			name = Products;
			sourceTree = "<group>";
		};
		C5DDD90E269DAEE8001EF502 /* Project Tiny Url */ = {
			isa = PBXGroup;
			children = (
				C5DDD90F269DAEE8001EF502 /* AppDelegate.swift */,
				C5DDD911269DAEE8001EF502 /* SceneDelegate.swift */,
				C5DDD942269DB337001EF502 /* Services */,
				C5DDD93F269DB313001EF502 /* Model */,
				C5DDD940269DB31E001EF502 /* ViewModel */,
				C5DDD943269DB373001EF502 /* Controllers */,
				C558B9F026CAA8A700B634C8 /* Custom Objects */,
				C5DDD941269DB328001EF502 /* View */,
				C5205F7F26CBF75D00E9CD73 /* Enums */,
				C5205F7C26CBC9FA00E9CD73 /* Translations */,
				C5DDD918269DAEEA001EF502 /* Assets.xcassets */,
				C5DDD91D269DAEEA001EF502 /* Info.plist */,
			);
			path = "Project Tiny Url";
			sourceTree = "<group>";
		};
		C5DDD93F269DB313001EF502 /* Model */ = {
			isa = PBXGroup;
			children = (
				C5DDD946269DB406001EF502 /* TinyURL.swift */,
			);
			path = Model;
			sourceTree = "<group>";
		};
		C5DDD940269DB31E001EF502 /* ViewModel */ = {
			isa = PBXGroup;
			children = (
				C5DDD948269DB9CC001EF502 /* TinyURLViewModel.swift */,
			);
			path = ViewModel;
			sourceTree = "<group>";
		};
		C5DDD941269DB328001EF502 /* View */ = {
			isa = PBXGroup;
			children = (
				C5DDD915269DAEE8001EF502 /* Main.storyboard */,
				C5DDD91A269DAEEA001EF502 /* LaunchScreen.storyboard */,
			);
			path = View;
			sourceTree = "<group>";
		};
		C5DDD942269DB337001EF502 /* Services */ = {
			isa = PBXGroup;
			children = (
				C5DDD944269DB3DA001EF502 /* ApiService.swift */,
				C5524049269DE7C60050B53D /* ParsingService.swift */,
			);
			path = Services;
			sourceTree = "<group>";
		};
		C5DDD943269DB373001EF502 /* Controllers */ = {
			isa = PBXGroup;
			children = (
				C5DDD913269DAEE8001EF502 /* TinyURLViewController.swift */,
			);
			path = Controllers;
			sourceTree = "<group>";
		};
/* End PBXGroup section */

/* Begin PBXNativeTarget section */
		C5DDD90B269DAEE8001EF502 /* Project Tiny Url */ = {
			isa = PBXNativeTarget;
			buildConfigurationList = C5DDD936269DAEEA001EF502 /* Build configuration list for PBXNativeTarget "Project Tiny Url" */;
			buildPhases = (
				9DD29FFCCEC2D2817371541D /* [CP] Check Pods Manifest.lock */,
				C5DDD908269DAEE8001EF502 /* Sources */,
				C5DDD909269DAEE8001EF502 /* Frameworks */,
				C5DDD90A269DAEE8001EF502 /* Resources */,
				2E0AB80D7BD8E8B7183C1865 /* [CP] Embed Pods Frameworks */,
			);
			buildRules = (
			);
			dependencies = (
			);
			name = "Project Tiny Url";
			productName = "Project Tiny Url";
			productReference = C5DDD90C269DAEE8001EF502 /* Project Tiny Url.app */;
			productType = "com.apple.product-type.application";
		};
		C5DDD921269DAEEA001EF502 /* Project Tiny UrlTests */ = {
			isa = PBXNativeTarget;
			buildConfigurationList = C5DDD939269DAEEA001EF502 /* Build configuration list for PBXNativeTarget "Project Tiny UrlTests" */;
			buildPhases = (
				D16305A214B1F4A3D3D5539E /* [CP] Check Pods Manifest.lock */,
				C5DDD91E269DAEEA001EF502 /* Sources */,
				C5DDD91F269DAEEA001EF502 /* Frameworks */,
				C5DDD920269DAEEA001EF502 /* Resources */,
			);
			buildRules = (
			);
			dependencies = (
				C5DDD924269DAEEA001EF502 /* PBXTargetDependency */,
			);
			name = "Project Tiny UrlTests";
			productName = "Project Tiny UrlTests";
			productReference = C5DDD922269DAEEA001EF502 /* Project Tiny UrlTests.xctest */;
			productType = "com.apple.product-type.bundle.unit-test";
		};
		C5DDD92C269DAEEA001EF502 /* Project Tiny UrlUITests */ = {
			isa = PBXNativeTarget;
			buildConfigurationList = C5DDD93C269DAEEA001EF502 /* Build configuration list for PBXNativeTarget "Project Tiny UrlUITests" */;
			buildPhases = (
				5BD1AB35A79E7D8A0FAAD1C0 /* [CP] Check Pods Manifest.lock */,
				C5DDD929269DAEEA001EF502 /* Sources */,
				C5DDD92A269DAEEA001EF502 /* Frameworks */,
				C5DDD92B269DAEEA001EF502 /* Resources */,
				AC24B9E1FEEE81E0EE41A541 /* [CP] Embed Pods Frameworks */,
			);
			buildRules = (
			);
			dependencies = (
				C5DDD92F269DAEEA001EF502 /* PBXTargetDependency */,
			);
			name = "Project Tiny UrlUITests";
			productName = "Project Tiny UrlUITests";
			productReference = C5DDD92D269DAEEA001EF502 /* Project Tiny UrlUITests.xctest */;
			productType = "com.apple.product-type.bundle.ui-testing";
		};
/* End PBXNativeTarget section */

/* Begin PBXProject section */
		C5DDD904269DAEE8001EF502 /* Project object */ = {
			isa = PBXProject;
			attributes = {
				LastSwiftUpdateCheck = 1250;
				LastUpgradeCheck = 1250;
				TargetAttributes = {
					C5DDD90B269DAEE8001EF502 = {
						CreatedOnToolsVersion = 12.5.1;
					};
					C5DDD921269DAEEA001EF502 = {
						CreatedOnToolsVersion = 12.5.1;
						TestTargetID = C5DDD90B269DAEE8001EF502;
					};
					C5DDD92C269DAEEA001EF502 = {
						CreatedOnToolsVersion = 12.5.1;
						TestTargetID = C5DDD90B269DAEE8001EF502;
					};
				};
			};
			buildConfigurationList = C5DDD907269DAEE8001EF502 /* Build configuration list for PBXProject "Project Tiny Url" */;
			compatibilityVersion = "Xcode 9.3";
			developmentRegion = en;
			hasScannedForEncodings = 0;
			knownRegions = (
				en,
				Base,
				pl,
			);
			mainGroup = C5DDD903269DAEE8001EF502;
			productRefGroup = C5DDD90D269DAEE8001EF502 /* Products */;
			projectDirPath = "";
			projectRoot = "";
			targets = (
				C5DDD90B269DAEE8001EF502 /* Project Tiny Url */,
				C5DDD921269DAEEA001EF502 /* Project Tiny UrlTests */,
				C5DDD92C269DAEEA001EF502 /* Project Tiny UrlUITests */,
			);
		};
/* End PBXProject section */

/* Begin PBXResourcesBuildPhase section */
		C5DDD90A269DAEE8001EF502 /* Resources */ = {
			isa = PBXResourcesBuildPhase;
			buildActionMask = 2147483647;
			files = (
				C5DDD91C269DAEEA001EF502 /* LaunchScreen.storyboard in Resources */,
				C5F2460026C517BD0025F13C /* Localizable.strings in Resources */,
				C5DDD919269DAEEA001EF502 /* Assets.xcassets in Resources */,
				C5DDD917269DAEE8001EF502 /* Main.storyboard in Resources */,
			);
			runOnlyForDeploymentPostprocessing = 0;
		};
		C5DDD920269DAEEA001EF502 /* Resources */ = {
			isa = PBXResourcesBuildPhase;
			buildActionMask = 2147483647;
			files = (
			);
			runOnlyForDeploymentPostprocessing = 0;
		};
		C5DDD92B269DAEEA001EF502 /* Resources */ = {
			isa = PBXResourcesBuildPhase;
			buildActionMask = 2147483647;
			files = (
			);
			runOnlyForDeploymentPostprocessing = 0;
		};
/* End PBXResourcesBuildPhase section */

/* Begin PBXShellScriptBuildPhase section */
		2E0AB80D7BD8E8B7183C1865 /* [CP] Embed Pods Frameworks */ = {
			isa = PBXShellScriptBuildPhase;
			buildActionMask = 2147483647;
			files = (
			);
			inputFileListPaths = (
				"${PODS_ROOT}/Target Support Files/Pods-Project Tiny Url/Pods-Project Tiny Url-frameworks-${CONFIGURATION}-input-files.xcfilelist",
			);
			name = "[CP] Embed Pods Frameworks";
			outputFileListPaths = (
				"${PODS_ROOT}/Target Support Files/Pods-Project Tiny Url/Pods-Project Tiny Url-frameworks-${CONFIGURATION}-output-files.xcfilelist",
			);
			runOnlyForDeploymentPostprocessing = 0;
			shellPath = /bin/sh;
			shellScript = "\"${PODS_ROOT}/Target Support Files/Pods-Project Tiny Url/Pods-Project Tiny Url-frameworks.sh\"\n";
			showEnvVarsInLog = 0;
		};
		5BD1AB35A79E7D8A0FAAD1C0 /* [CP] Check Pods Manifest.lock */ = {
			isa = PBXShellScriptBuildPhase;
			buildActionMask = 2147483647;
			files = (
			);
			inputFileListPaths = (
			);
			inputPaths = (
				"${PODS_PODFILE_DIR_PATH}/Podfile.lock",
				"${PODS_ROOT}/Manifest.lock",
			);
			name = "[CP] Check Pods Manifest.lock";
			outputFileListPaths = (
			);
			outputPaths = (
				"$(DERIVED_FILE_DIR)/Pods-Project Tiny Url-Project Tiny UrlUITests-checkManifestLockResult.txt",
			);
			runOnlyForDeploymentPostprocessing = 0;
			shellPath = /bin/sh;
			shellScript = "diff \"${PODS_PODFILE_DIR_PATH}/Podfile.lock\" \"${PODS_ROOT}/Manifest.lock\" > /dev/null\nif [ $? != 0 ] ; then\n    # print error to STDERR\n    echo \"error: The sandbox is not in sync with the Podfile.lock. Run 'pod install' or update your CocoaPods installation.\" >&2\n    exit 1\nfi\n# This output is used by Xcode 'outputs' to avoid re-running this script phase.\necho \"SUCCESS\" > \"${SCRIPT_OUTPUT_FILE_0}\"\n";
			showEnvVarsInLog = 0;
		};
		9DD29FFCCEC2D2817371541D /* [CP] Check Pods Manifest.lock */ = {
			isa = PBXShellScriptBuildPhase;
			buildActionMask = 2147483647;
			files = (
			);
			inputFileListPaths = (
			);
			inputPaths = (
				"${PODS_PODFILE_DIR_PATH}/Podfile.lock",
				"${PODS_ROOT}/Manifest.lock",
			);
			name = "[CP] Check Pods Manifest.lock";
			outputFileListPaths = (
			);
			outputPaths = (
				"$(DERIVED_FILE_DIR)/Pods-Project Tiny Url-checkManifestLockResult.txt",
			);
			runOnlyForDeploymentPostprocessing = 0;
			shellPath = /bin/sh;
			shellScript = "diff \"${PODS_PODFILE_DIR_PATH}/Podfile.lock\" \"${PODS_ROOT}/Manifest.lock\" > /dev/null\nif [ $? != 0 ] ; then\n    # print error to STDERR\n    echo \"error: The sandbox is not in sync with the Podfile.lock. Run 'pod install' or update your CocoaPods installation.\" >&2\n    exit 1\nfi\n# This output is used by Xcode 'outputs' to avoid re-running this script phase.\necho \"SUCCESS\" > \"${SCRIPT_OUTPUT_FILE_0}\"\n";
			showEnvVarsInLog = 0;
		};
		AC24B9E1FEEE81E0EE41A541 /* [CP] Embed Pods Frameworks */ = {
			isa = PBXShellScriptBuildPhase;
			buildActionMask = 2147483647;
			files = (
			);
			inputFileListPaths = (
				"${PODS_ROOT}/Target Support Files/Pods-Project Tiny Url-Project Tiny UrlUITests/Pods-Project Tiny Url-Project Tiny UrlUITests-frameworks-${CONFIGURATION}-input-files.xcfilelist",
			);
			name = "[CP] Embed Pods Frameworks";
			outputFileListPaths = (
				"${PODS_ROOT}/Target Support Files/Pods-Project Tiny Url-Project Tiny UrlUITests/Pods-Project Tiny Url-Project Tiny UrlUITests-frameworks-${CONFIGURATION}-output-files.xcfilelist",
			);
			runOnlyForDeploymentPostprocessing = 0;
			shellPath = /bin/sh;
			shellScript = "\"${PODS_ROOT}/Target Support Files/Pods-Project Tiny Url-Project Tiny UrlUITests/Pods-Project Tiny Url-Project Tiny UrlUITests-frameworks.sh\"\n";
			showEnvVarsInLog = 0;
		};
		D16305A214B1F4A3D3D5539E /* [CP] Check Pods Manifest.lock */ = {
			isa = PBXShellScriptBuildPhase;
			buildActionMask = 2147483647;
			files = (
			);
			inputFileListPaths = (
			);
			inputPaths = (
				"${PODS_PODFILE_DIR_PATH}/Podfile.lock",
				"${PODS_ROOT}/Manifest.lock",
			);
			name = "[CP] Check Pods Manifest.lock";
			outputFileListPaths = (
			);
			outputPaths = (
				"$(DERIVED_FILE_DIR)/Pods-Project Tiny UrlTests-checkManifestLockResult.txt",
			);
			runOnlyForDeploymentPostprocessing = 0;
			shellPath = /bin/sh;
			shellScript = "diff \"${PODS_PODFILE_DIR_PATH}/Podfile.lock\" \"${PODS_ROOT}/Manifest.lock\" > /dev/null\nif [ $? != 0 ] ; then\n    # print error to STDERR\n    echo \"error: The sandbox is not in sync with the Podfile.lock. Run 'pod install' or update your CocoaPods installation.\" >&2\n    exit 1\nfi\n# This output is used by Xcode 'outputs' to avoid re-running this script phase.\necho \"SUCCESS\" > \"${SCRIPT_OUTPUT_FILE_0}\"\n";
			showEnvVarsInLog = 0;
		};
/* End PBXShellScriptBuildPhase section */

/* Begin PBXSourcesBuildPhase section */
		C5DDD908269DAEE8001EF502 /* Sources */ = {
			isa = PBXSourcesBuildPhase;
			buildActionMask = 2147483647;
			files = (
				C558B9EF26CAA20300B634C8 /* CustomTableViewCell.swift in Sources */,
				C5DDD914269DAEE8001EF502 /* TinyURLViewController.swift in Sources */,
				C5DDD910269DAEE8001EF502 /* AppDelegate.swift in Sources */,
				C5DDD947269DB406001EF502 /* TinyURL.swift in Sources */,
				C5DDD945269DB3DA001EF502 /* ApiService.swift in Sources */,
				C552404A269DE7C60050B53D /* ParsingService.swift in Sources */,
				C5DDD949269DB9CC001EF502 /* TinyURLViewModel.swift in Sources */,
				C5DDD912269DAEE8001EF502 /* SceneDelegate.swift in Sources */,
				C5F2460426C517E50025F13C /* Transaltions.swift in Sources */,
				C5205F7B26CBC9F100E9CD73 /* EnumUserDefaults.swift in Sources */,
			);
			runOnlyForDeploymentPostprocessing = 0;
		};
		C5DDD91E269DAEEA001EF502 /* Sources */ = {
			isa = PBXSourcesBuildPhase;
			buildActionMask = 2147483647;
			files = (
			);
			runOnlyForDeploymentPostprocessing = 0;
		};
		C5DDD929269DAEEA001EF502 /* Sources */ = {
			isa = PBXSourcesBuildPhase;
			buildActionMask = 2147483647;
			files = (
			);
			runOnlyForDeploymentPostprocessing = 0;
		};
/* End PBXSourcesBuildPhase section */

/* Begin PBXTargetDependency section */
		C5DDD924269DAEEA001EF502 /* PBXTargetDependency */ = {
			isa = PBXTargetDependency;
			target = C5DDD90B269DAEE8001EF502 /* Project Tiny Url */;
			targetProxy = C5DDD923269DAEEA001EF502 /* PBXContainerItemProxy */;
		};
		C5DDD92F269DAEEA001EF502 /* PBXTargetDependency */ = {
			isa = PBXTargetDependency;
			target = C5DDD90B269DAEE8001EF502 /* Project Tiny Url */;
			targetProxy = C5DDD92E269DAEEA001EF502 /* PBXContainerItemProxy */;
		};
/* End PBXTargetDependency section */

/* Begin PBXVariantGroup section */
		C5DDD915269DAEE8001EF502 /* Main.storyboard */ = {
			isa = PBXVariantGroup;
			children = (
				C5DDD916269DAEE8001EF502 /* Base */,
			);
			name = Main.storyboard;
			sourceTree = "<group>";
		};
		C5DDD91A269DAEEA001EF502 /* LaunchScreen.storyboard */ = {
			isa = PBXVariantGroup;
			children = (
				C5DDD91B269DAEEA001EF502 /* Base */,
			);
			name = LaunchScreen.storyboard;
			sourceTree = "<group>";
		};
		C5F2460226C517BD0025F13C /* Localizable.strings */ = {
			isa = PBXVariantGroup;
			children = (
				C5F2460126C517BD0025F13C /* pl */,
			);
			name = Localizable.strings;
			sourceTree = "<group>";
		};
/* End PBXVariantGroup section */

/* Begin XCBuildConfiguration section */
		C5DDD934269DAEEA001EF502 /* Debug */ = {
			isa = XCBuildConfiguration;
			buildSettings = {
				ALWAYS_SEARCH_USER_PATHS = NO;
				CLANG_ANALYZER_LOCALIZABILITY_NONLOCALIZED = YES;
				CLANG_ANALYZER_NONNULL = YES;
				CLANG_ANALYZER_NUMBER_OBJECT_CONVERSION = YES_AGGRESSIVE;
				CLANG_CXX_LANGUAGE_STANDARD = "gnu++14";
				CLANG_CXX_LIBRARY = "libc++";
				CLANG_ENABLE_MODULES = YES;
				CLANG_ENABLE_OBJC_ARC = YES;
				CLANG_ENABLE_OBJC_WEAK = YES;
				CLANG_WARN_BLOCK_CAPTURE_AUTORELEASING = YES;
				CLANG_WARN_BOOL_CONVERSION = YES;
				CLANG_WARN_COMMA = YES;
				CLANG_WARN_CONSTANT_CONVERSION = YES;
				CLANG_WARN_DEPRECATED_OBJC_IMPLEMENTATIONS = YES;
				CLANG_WARN_DIRECT_OBJC_ISA_USAGE = YES_ERROR;
				CLANG_WARN_DOCUMENTATION_COMMENTS = YES;
				CLANG_WARN_EMPTY_BODY = YES;
				CLANG_WARN_ENUM_CONVERSION = YES;
				CLANG_WARN_INFINITE_RECURSION = YES;
				CLANG_WARN_INT_CONVERSION = YES;
				CLANG_WARN_NON_LITERAL_NULL_CONVERSION = YES;
				CLANG_WARN_OBJC_IMPLICIT_RETAIN_SELF = YES;
				CLANG_WARN_OBJC_LITERAL_CONVERSION = YES;
				CLANG_WARN_OBJC_ROOT_CLASS = YES_ERROR;
				CLANG_WARN_QUOTED_INCLUDE_IN_FRAMEWORK_HEADER = YES;
				CLANG_WARN_RANGE_LOOP_ANALYSIS = YES;
				CLANG_WARN_STRICT_PROTOTYPES = YES;
				CLANG_WARN_SUSPICIOUS_MOVE = YES;
				CLANG_WARN_UNGUARDED_AVAILABILITY = YES_AGGRESSIVE;
				CLANG_WARN_UNREACHABLE_CODE = YES;
				CLANG_WARN__DUPLICATE_METHOD_MATCH = YES;
				COPY_PHASE_STRIP = NO;
				DEBUG_INFORMATION_FORMAT = dwarf;
				ENABLE_STRICT_OBJC_MSGSEND = YES;
				ENABLE_TESTABILITY = YES;
				GCC_C_LANGUAGE_STANDARD = gnu11;
				GCC_DYNAMIC_NO_PIC = NO;
				GCC_NO_COMMON_BLOCKS = YES;
				GCC_OPTIMIZATION_LEVEL = 0;
				GCC_PREPROCESSOR_DEFINITIONS = (
					"DEBUG=1",
					"$(inherited)",
				);
				GCC_WARN_64_TO_32_BIT_CONVERSION = YES;
				GCC_WARN_ABOUT_RETURN_TYPE = YES_ERROR;
				GCC_WARN_UNDECLARED_SELECTOR = YES;
				GCC_WARN_UNINITIALIZED_AUTOS = YES_AGGRESSIVE;
				GCC_WARN_UNUSED_FUNCTION = YES;
				GCC_WARN_UNUSED_VARIABLE = YES;
				IPHONEOS_DEPLOYMENT_TARGET = 14.5;
				MTL_ENABLE_DEBUG_INFO = INCLUDE_SOURCE;
				MTL_FAST_MATH = YES;
				ONLY_ACTIVE_ARCH = YES;
				SDKROOT = iphoneos;
				SWIFT_ACTIVE_COMPILATION_CONDITIONS = DEBUG;
				SWIFT_OPTIMIZATION_LEVEL = "-Onone";
			};
			name = Debug;
		};
		C5DDD935269DAEEA001EF502 /* Release */ = {
			isa = XCBuildConfiguration;
			buildSettings = {
				ALWAYS_SEARCH_USER_PATHS = NO;
				CLANG_ANALYZER_LOCALIZABILITY_NONLOCALIZED = YES;
				CLANG_ANALYZER_NONNULL = YES;
				CLANG_ANALYZER_NUMBER_OBJECT_CONVERSION = YES_AGGRESSIVE;
				CLANG_CXX_LANGUAGE_STANDARD = "gnu++14";
				CLANG_CXX_LIBRARY = "libc++";
				CLANG_ENABLE_MODULES = YES;
				CLANG_ENABLE_OBJC_ARC = YES;
				CLANG_ENABLE_OBJC_WEAK = YES;
				CLANG_WARN_BLOCK_CAPTURE_AUTORELEASING = YES;
				CLANG_WARN_BOOL_CONVERSION = YES;
				CLANG_WARN_COMMA = YES;
				CLANG_WARN_CONSTANT_CONVERSION = YES;
				CLANG_WARN_DEPRECATED_OBJC_IMPLEMENTATIONS = YES;
				CLANG_WARN_DIRECT_OBJC_ISA_USAGE = YES_ERROR;
				CLANG_WARN_DOCUMENTATION_COMMENTS = YES;
				CLANG_WARN_EMPTY_BODY = YES;
				CLANG_WARN_ENUM_CONVERSION = YES;
				CLANG_WARN_INFINITE_RECURSION = YES;
				CLANG_WARN_INT_CONVERSION = YES;
				CLANG_WARN_NON_LITERAL_NULL_CONVERSION = YES;
				CLANG_WARN_OBJC_IMPLICIT_RETAIN_SELF = YES;
				CLANG_WARN_OBJC_LITERAL_CONVERSION = YES;
				CLANG_WARN_OBJC_ROOT_CLASS = YES_ERROR;
				CLANG_WARN_QUOTED_INCLUDE_IN_FRAMEWORK_HEADER = YES;
				CLANG_WARN_RANGE_LOOP_ANALYSIS = YES;
				CLANG_WARN_STRICT_PROTOTYPES = YES;
				CLANG_WARN_SUSPICIOUS_MOVE = YES;
				CLANG_WARN_UNGUARDED_AVAILABILITY = YES_AGGRESSIVE;
				CLANG_WARN_UNREACHABLE_CODE = YES;
				CLANG_WARN__DUPLICATE_METHOD_MATCH = YES;
				COPY_PHASE_STRIP = NO;
				DEBUG_INFORMATION_FORMAT = "dwarf-with-dsym";
				ENABLE_NS_ASSERTIONS = NO;
				ENABLE_STRICT_OBJC_MSGSEND = YES;
				GCC_C_LANGUAGE_STANDARD = gnu11;
				GCC_NO_COMMON_BLOCKS = YES;
				GCC_WARN_64_TO_32_BIT_CONVERSION = YES;
				GCC_WARN_ABOUT_RETURN_TYPE = YES_ERROR;
				GCC_WARN_UNDECLARED_SELECTOR = YES;
				GCC_WARN_UNINITIALIZED_AUTOS = YES_AGGRESSIVE;
				GCC_WARN_UNUSED_FUNCTION = YES;
				GCC_WARN_UNUSED_VARIABLE = YES;
				IPHONEOS_DEPLOYMENT_TARGET = 14.5;
				MTL_ENABLE_DEBUG_INFO = NO;
				MTL_FAST_MATH = YES;
				SDKROOT = iphoneos;
				SWIFT_COMPILATION_MODE = wholemodule;
				SWIFT_OPTIMIZATION_LEVEL = "-O";
				VALIDATE_PRODUCT = YES;
			};
			name = Release;
		};
		C5DDD937269DAEEA001EF502 /* Debug */ = {
			isa = XCBuildConfiguration;
			baseConfigurationReference = 26EDCEA16A0C7F201236A71D /* Pods-Project Tiny Url.debug.xcconfig */;
			buildSettings = {
				ASSETCATALOG_COMPILER_APPICON_NAME = AppIcon;
				ASSETCATALOG_COMPILER_GLOBAL_ACCENT_COLOR_NAME = AccentColor;
				CODE_SIGN_STYLE = Automatic;
				DEVELOPMENT_TEAM = HC9J79NVUW;
				INFOPLIST_FILE = "Project Tiny Url/Info.plist";
				LD_RUNPATH_SEARCH_PATHS = (
					"$(inherited)",
					"@executable_path/Frameworks",
				);
				PRODUCT_BUNDLE_IDENTIFIER = "com.janduda.Project-Tiny-Url";
				PRODUCT_NAME = "$(TARGET_NAME)";
				SWIFT_VERSION = 5.0;
				TARGETED_DEVICE_FAMILY = "1,2";
			};
			name = Debug;
		};
		C5DDD938269DAEEA001EF502 /* Release */ = {
			isa = XCBuildConfiguration;
			baseConfigurationReference = D0EC629ECEA101033E7615C7 /* Pods-Project Tiny Url.release.xcconfig */;
			buildSettings = {
				ASSETCATALOG_COMPILER_APPICON_NAME = AppIcon;
				ASSETCATALOG_COMPILER_GLOBAL_ACCENT_COLOR_NAME = AccentColor;
				CODE_SIGN_STYLE = Automatic;
				DEVELOPMENT_TEAM = HC9J79NVUW;
				INFOPLIST_FILE = "Project Tiny Url/Info.plist";
				LD_RUNPATH_SEARCH_PATHS = (
					"$(inherited)",
					"@executable_path/Frameworks",
				);
				PRODUCT_BUNDLE_IDENTIFIER = "com.janduda.Project-Tiny-Url";
				PRODUCT_NAME = "$(TARGET_NAME)";
				SWIFT_VERSION = 5.0;
				TARGETED_DEVICE_FAMILY = "1,2";
			};
			name = Release;
		};
		C5DDD93A269DAEEA001EF502 /* Debug */ = {
			isa = XCBuildConfiguration;
			baseConfigurationReference = 690260145F2ED9C71DE3C7F6 /* Pods-Project Tiny UrlTests.debug.xcconfig */;
			buildSettings = {
				ALWAYS_EMBED_SWIFT_STANDARD_LIBRARIES = YES;
				BUNDLE_LOADER = "$(TEST_HOST)";
				CODE_SIGN_STYLE = Automatic;
				DEVELOPMENT_TEAM = HC9J79NVUW;
				INFOPLIST_FILE = "Project Tiny UrlTests/Info.plist";
				IPHONEOS_DEPLOYMENT_TARGET = 14.5;
				LD_RUNPATH_SEARCH_PATHS = (
					"$(inherited)",
					"@executable_path/Frameworks",
					"@loader_path/Frameworks",
				);
				PRODUCT_BUNDLE_IDENTIFIER = "com.janduda.Project-Tiny-UrlTests";
				PRODUCT_NAME = "$(TARGET_NAME)";
				SWIFT_VERSION = 5.0;
				TARGETED_DEVICE_FAMILY = "1,2";
				TEST_HOST = "$(BUILT_PRODUCTS_DIR)/Project Tiny Url.app/Project Tiny Url";
			};
			name = Debug;
		};
		C5DDD93B269DAEEA001EF502 /* Release */ = {
			isa = XCBuildConfiguration;
			baseConfigurationReference = DD874E8AE698E64B4FA2373C /* Pods-Project Tiny UrlTests.release.xcconfig */;
			buildSettings = {
				ALWAYS_EMBED_SWIFT_STANDARD_LIBRARIES = YES;
				BUNDLE_LOADER = "$(TEST_HOST)";
				CODE_SIGN_STYLE = Automatic;
				DEVELOPMENT_TEAM = HC9J79NVUW;
				INFOPLIST_FILE = "Project Tiny UrlTests/Info.plist";
				IPHONEOS_DEPLOYMENT_TARGET = 14.5;
				LD_RUNPATH_SEARCH_PATHS = (
					"$(inherited)",
					"@executable_path/Frameworks",
					"@loader_path/Frameworks",
				);
				PRODUCT_BUNDLE_IDENTIFIER = "com.janduda.Project-Tiny-UrlTests";
				PRODUCT_NAME = "$(TARGET_NAME)";
				SWIFT_VERSION = 5.0;
				TARGETED_DEVICE_FAMILY = "1,2";
				TEST_HOST = "$(BUILT_PRODUCTS_DIR)/Project Tiny Url.app/Project Tiny Url";
			};
			name = Release;
		};
		C5DDD93D269DAEEA001EF502 /* Debug */ = {
			isa = XCBuildConfiguration;
			baseConfigurationReference = 351433DC35419752031EF50D /* Pods-Project Tiny Url-Project Tiny UrlUITests.debug.xcconfig */;
			buildSettings = {
				ALWAYS_EMBED_SWIFT_STANDARD_LIBRARIES = YES;
				CODE_SIGN_STYLE = Automatic;
				DEVELOPMENT_TEAM = HC9J79NVUW;
				INFOPLIST_FILE = "Project Tiny UrlUITests/Info.plist";
				LD_RUNPATH_SEARCH_PATHS = (
					"$(inherited)",
					"@executable_path/Frameworks",
					"@loader_path/Frameworks",
				);
				PRODUCT_BUNDLE_IDENTIFIER = "com.janduda.Project-Tiny-UrlUITests";
				PRODUCT_NAME = "$(TARGET_NAME)";
				SWIFT_VERSION = 5.0;
				TARGETED_DEVICE_FAMILY = "1,2";
				TEST_TARGET_NAME = "Project Tiny Url";
			};
			name = Debug;
		};
		C5DDD93E269DAEEA001EF502 /* Release */ = {
			isa = XCBuildConfiguration;
			baseConfigurationReference = 41EE9B6A2C76B76189DC2855 /* Pods-Project Tiny Url-Project Tiny UrlUITests.release.xcconfig */;
			buildSettings = {
				ALWAYS_EMBED_SWIFT_STANDARD_LIBRARIES = YES;
				CODE_SIGN_STYLE = Automatic;
				DEVELOPMENT_TEAM = HC9J79NVUW;
				INFOPLIST_FILE = "Project Tiny UrlUITests/Info.plist";
				LD_RUNPATH_SEARCH_PATHS = (
					"$(inherited)",
					"@executable_path/Frameworks",
					"@loader_path/Frameworks",
				);
				PRODUCT_BUNDLE_IDENTIFIER = "com.janduda.Project-Tiny-UrlUITests";
				PRODUCT_NAME = "$(TARGET_NAME)";
				SWIFT_VERSION = 5.0;
				TARGETED_DEVICE_FAMILY = "1,2";
				TEST_TARGET_NAME = "Project Tiny Url";
			};
			name = Release;
		};
/* End XCBuildConfiguration section */

/* Begin XCConfigurationList section */
		C5DDD907269DAEE8001EF502 /* Build configuration list for PBXProject "Project Tiny Url" */ = {
			isa = XCConfigurationList;
			buildConfigurations = (
				C5DDD934269DAEEA001EF502 /* Debug */,
				C5DDD935269DAEEA001EF502 /* Release */,
			);
			defaultConfigurationIsVisible = 0;
			defaultConfigurationName = Release;
		};
		C5DDD936269DAEEA001EF502 /* Build configuration list for PBXNativeTarget "Project Tiny Url" */ = {
			isa = XCConfigurationList;
			buildConfigurations = (
				C5DDD937269DAEEA001EF502 /* Debug */,
				C5DDD938269DAEEA001EF502 /* Release */,
			);
			defaultConfigurationIsVisible = 0;
			defaultConfigurationName = Release;
		};
		C5DDD939269DAEEA001EF502 /* Build configuration list for PBXNativeTarget "Project Tiny UrlTests" */ = {
			isa = XCConfigurationList;
			buildConfigurations = (
				C5DDD93A269DAEEA001EF502 /* Debug */,
				C5DDD93B269DAEEA001EF502 /* Release */,
			);
			defaultConfigurationIsVisible = 0;
			defaultConfigurationName = Release;
		};
		C5DDD93C269DAEEA001EF502 /* Build configuration list for PBXNativeTarget "Project Tiny UrlUITests" */ = {
			isa = XCConfigurationList;
			buildConfigurations = (
				C5DDD93D269DAEEA001EF502 /* Debug */,
				C5DDD93E269DAEEA001EF502 /* Release */,
			);
			defaultConfigurationIsVisible = 0;
			defaultConfigurationName = Release;
		};
/* End XCConfigurationList section */
	};
	rootObject = C5DDD904269DAEE8001EF502 /* Project object */;
}
